
Microsoft Visual Studio Solution File, Format Version 12.00
Project("{FAE04EC0-301F-11D3-BF4B-00C04F79EFBC}") = "Task1", "Task1\Task1.csproj", "{0313583E-F41D-471F-8042-01DE6A3FE19E}"
EndProject
Project("{FAE04EC0-301F-11D3-BF4B-00C04F79EFBC}") = "Task2", "Task2\Task2.csproj", "{946101EF-E146-4F7C-B533-4E6353073576}"
EndProject
Project("{FAE04EC0-301F-11D3-BF4B-00C04F79EFBC}") = "Task3", "Task3\Task3.csproj", "{0E5DA60E-7F60-49CD-A187-B54DC6BF28A3}"
EndProject
Project("{FAE04EC0-301F-11D3-BF4B-00C04F79EFBC}") = "Task4", "Task4\Task4.csproj", "{77AA730B-8C96-464F-9DCF-969F842B2D3E}"
EndProject
Project("{FAE04EC0-301F-11D3-BF4B-00C04F79EFBC}") = "Task5", "Task5\Task5.csproj", "{67417C7B-FFDC-4BC3-8639-2F10687A262C}"
EndProject
Global
	GlobalSection(SolutionConfigurationPlatforms) = preSolution
		Debug|Any CPU = Debug|Any CPU
		Release|Any CPU = Release|Any CPU
	EndGlobalSection
	GlobalSection(ProjectConfigurationPlatforms) = postSolution
		{0313583E-F41D-471F-8042-01DE6A3FE19E}.Debug|Any CPU.ActiveCfg = Debug|Any CPU
		{0313583E-F41D-471F-8042-01DE6A3FE19E}.Debug|Any CPU.Build.0 = Debug|Any CPU
		{0313583E-F41D-471F-8042-01DE6A3FE19E}.Release|Any CPU.ActiveCfg = Release|Any CPU
		{0313583E-F41D-471F-8042-01DE6A3FE19E}.Release|Any CPU.Build.0 = Release|Any CPU
		{946101EF-E146-4F7C-B533-4E6353073576}.Debug|Any CPU.ActiveCfg = Debug|Any CPU
		{946101EF-E146-4F7C-B533-4E6353073576}.Debug|Any CPU.Build.0 = Debug|Any CPU
		{946101EF-E146-4F7C-B533-4E6353073576}.Release|Any CPU.ActiveCfg = Release|Any CPU
		{946101EF-E146-4F7C-B533-4E6353073576}.Release|Any CPU.Build.0 = Release|Any CPU
		{0E5DA60E-7F60-49CD-A187-B54DC6BF28A3}.Debug|Any CPU.ActiveCfg = Debug|Any CPU
		{0E5DA60E-7F60-49CD-A187-B54DC6BF28A3}.Debug|Any CPU.Build.0 = Debug|Any CPU
		{0E5DA60E-7F60-49CD-A187-B54DC6BF28A3}.Release|Any CPU.ActiveCfg = Release|Any CPU
		{0E5DA60E-7F60-49CD-A187-B54DC6BF28A3}.Release|Any CPU.Build.0 = Release|Any CPU
		{77AA730B-8C96-464F-9DCF-969F842B2D3E}.Debug|Any CPU.ActiveCfg = Debug|Any CPU
		{77AA730B-8C96-464F-9DCF-969F842B2D3E}.Debug|Any CPU.Build.0 = Debug|Any CPU
		{77AA730B-8C96-464F-9DCF-969F842B2D3E}.Release|Any CPU.ActiveCfg = Release|Any CPU
		{77AA730B-8C96-464F-9DCF-969F842B2D3E}.Release|Any CPU.Build.0 = Release|Any CPU
		{67417C7B-FFDC-4BC3-8639-2F10687A262C}.Debug|Any CPU.ActiveCfg = Debug|Any CPU
		{67417C7B-FFDC-4BC3-8639-2F10687A262C}.Debug|Any CPU.Build.0 = Debug|Any CPU
		{67417C7B-FFDC-4BC3-8639-2F10687A262C}.Release|Any CPU.ActiveCfg = Release|Any CPU
		{67417C7B-FFDC-4BC3-8639-2F10687A262C}.Release|Any CPU.Build.0 = Release|Any CPU
	EndGlobalSection
EndGlobal
